<Solution>
  <Configurations>
    <Platform Name="Any CPU" />
    <Platform Name="x64" />
    <Platform Name="x86" />
  </Configurations>
  <Project Path="TqkLibrary.AudioCapture.Native/TqkLibrary.AudioCapture.Native.vcxproj" />
  <Project Path="TqkLibrary.AudioCapture/TqkLibrary.AudioCapture.csproj" />
</Solution>
